Microsoft Visual Studio Solution File, Format Version 12.00
# Visual Studio Version 16
VisualStudioVersion = 16.0.30204.135
MinimumVisualStudioVersion = 10.0.40219.1
Project("{9A19103F-16F7-4668-BE54-9A1E7A4F7556}") = "ClientSI", "ClientSI\ClientSI.csproj", "{4F59E50D-8125-4FDB-B9CC-358E3B68569C}"
EndProject
Global
	GlobalSection(SolutionConfigurationPlatforms) = preSolution
		Debug|Any CPU = Debug|Any CPU
		Release|Any CPU = Release|Any CPU
	EndGlobalSection
	GlobalSection(ProjectConfigurationPlatforms) = postSolution
		{4F59E50D-8125-4FDB-B9CC-358E3B68569C}.Debug|Any CPU.ActiveCfg = Debug|Any CPU
		{4F59E50D-8125-4FDB-B9CC-358E3B68569C}.Debug|Any CPU.Build.0 = Debug|Any CPU
		{4F59E50D-8125-4FDB-B9CC-358E3B68569C}.Release|Any CPU.ActiveCfg = Release|Any CPU
		{4F59E50D-8125-4FDB-B9CC-358E3B68569C}.Release|Any CPU.Build.0 = Release|Any CPU
	EndGlobalSection
	GlobalSection(SolutionProperties) = preSolution
		HideSolutionNode = FALSE
	EndGlobalSection
	GlobalSection(ExtensibilityGlobals) = postSolution
		SolutionGuid = {EC9C9BA6-F753-4D47-B523-97F66B31B748}
	EndGlobalSection
EndGlobal
